// !$*UTF8*$!
{
	archiveVersion = 1;
	classes = {
	};
	objectVersion = 50;
	objects = {

/* Begin PBXBuildFile section */
		03473C1E2477F30C00999E99 /* GroceryItem.swift in Sources */ = {isa = PBXBuildFile; fileRef = 03473C1D2477F30C00999E99 /* GroceryItem.swift */; };
		034BFF4F24F3E7AC00DDFC85 /* Character.swift in Sources */ = {isa = PBXBuildFile; fileRef = 034BFF4E24F3E7AC00DDFC85 /* Character.swift */; };
		034BFF5124F3E98800DDFC85 /* Service.swift in Sources */ = {isa = PBXBuildFile; fileRef = 034BFF5024F3E98800DDFC85 /* Service.swift */; };
		034BFF5324F3EECB00DDFC85 /* UIImageView+Ext.swift in Sources */ = {isa = PBXBuildFile; fileRef = 034BFF5224F3EECB00DDFC85 /* UIImageView+Ext.swift */; };
		0357B9DF24AA7A020033133A /* AddItemViewController.swift in Sources */ = {isa = PBXBuildFile; fileRef = 0357B9DE24AA7A020033133A /* AddItemViewController.swift */; };
		0357B9E124AA7B570033133A /* HomeViewModel.swift in Sources */ = {isa = PBXBuildFile; fileRef = 0357B9E024AA7B570033133A /* HomeViewModel.swift */; };
		0362E05B24C629ED006085EB /* ItemDetailViewController.swift in Sources */ = {isa = PBXBuildFile; fileRef = 0362E05A24C629ED006085EB /* ItemDetailViewController.swift */; };
		0363A126248A70E400FF86BE /* UITableViewCell+Ext.swift in Sources */ = {isa = PBXBuildFile; fileRef = 0363A125248A70E400FF86BE /* UITableViewCell+Ext.swift */; };
		0363A128248A731D00FF86BE /* HomeTableViewCell.swift in Sources */ = {isa = PBXBuildFile; fileRef = 0363A127248A731D00FF86BE /* HomeTableViewCell.swift */; };
		037F31FD2437DDB000410609 /* AppDelegate.swift in Sources */ = {isa = PBXBuildFile; fileRef = 037F31FC2437DDB000410609 /* AppDelegate.swift */; };
		037F31FF2437DDB000410609 /* SceneDelegate.swift in Sources */ = {isa = PBXBuildFile; fileRef = 037F31FE2437DDB000410609 /* SceneDelegate.swift */; };
		037F32012437DDB000410609 /* HomeViewController.swift in Sources */ = {isa = PBXBuildFile; fileRef = 037F32002437DDB000410609 /* HomeViewController.swift */; };
		037F32062437DDB500410609 /* Assets.xcassets in Resources */ = {isa = PBXBuildFile; fileRef = 037F32052437DDB500410609 /* Assets.xcassets */; };
		037F32092437DDB500410609 /* LaunchScreen.storyboard in Resources */ = {isa = PBXBuildFile; fileRef = 037F32072437DDB500410609 /* LaunchScreen.storyboard */; };
		0382D55D24BCE9AE007DC519 /* LoginViewController.swift in Sources */ = {isa = PBXBuildFile; fileRef = 0382D55C24BCE9AE007DC519 /* LoginViewController.swift */; };
		03F3D1A42449E33100DEC839 /* HomeTableViewController.swift in Sources */ = {isa = PBXBuildFile; fileRef = 03F3D1A32449E33100DEC839 /* HomeTableViewController.swift */; };
/* End PBXBuildFile section */

/* Begin PBXFileReference section */
		03473C1D2477F30C00999E99 /* GroceryItem.swift */ = {isa = PBXFileReference; lastKnownFileType = sourcecode.swift; path = GroceryItem.swift; sourceTree = "<group>"; };
		034BFF4E24F3E7AC00DDFC85 /* Character.swift */ = {isa = PBXFileReference; lastKnownFileType = sourcecode.swift; path = Character.swift; sourceTree = "<group>"; };
		034BFF5024F3E98800DDFC85 /* Service.swift */ = {isa = PBXFileReference; lastKnownFileType = sourcecode.swift; path = Service.swift; sourceTree = "<group>"; };
		034BFF5224F3EECB00DDFC85 /* UIImageView+Ext.swift */ = {isa = PBXFileReference; lastKnownFileType = sourcecode.swift; path = "UIImageView+Ext.swift"; sourceTree = "<group>"; };
		0357B9DE24AA7A020033133A /* AddItemViewController.swift */ = {isa = PBXFileReference; lastKnownFileType = sourcecode.swift; path = AddItemViewController.swift; sourceTree = "<group>"; };
		0357B9E024AA7B570033133A /* HomeViewModel.swift */ = {isa = PBXFileReference; lastKnownFileType = sourcecode.swift; path = HomeViewModel.swift; sourceTree = "<group>"; };
		0362E05A24C629ED006085EB /* ItemDetailViewController.swift */ = {isa = PBXFileReference; lastKnownFileType = sourcecode.swift; path = ItemDetailViewController.swift; sourceTree = "<group>"; };
		0363A125248A70E400FF86BE /* UITableViewCell+Ext.swift */ = {isa = PBXFileReference; lastKnownFileType = sourcecode.swift; path = "UITableViewCell+Ext.swift"; sourceTree = "<group>"; };
		0363A127248A731D00FF86BE /* HomeTableViewCell.swift */ = {isa = PBXFileReference; lastKnownFileType = sourcecode.swift; path = HomeTableViewCell.swift; sourceTree = "<group>"; };
		037F31F92437DDB000410609 /* SuperM.app */ = {isa = PBXFileReference; explicitFileType = wrapper.application; includeInIndex = 0; path = SuperM.app; sourceTree = BUILT_PRODUCTS_DIR; };
		037F31FC2437DDB000410609 /* AppDelegate.swift */ = {isa = PBXFileReference; lastKnownFileType = sourcecode.swift; path = AppDelegate.swift; sourceTree = "<group>"; };
		037F31FE2437DDB000410609 /* SceneDelegate.swift */ = {isa = PBXFileReference; lastKnownFileType = sourcecode.swift; path = SceneDelegate.swift; sourceTree = "<group>"; };
		037F32002437DDB000410609 /* HomeViewController.swift */ = {isa = PBXFileReference; lastKnownFileType = sourcecode.swift; path = HomeViewController.swift; sourceTree = "<group>"; };
		037F32052437DDB500410609 /* Assets.xcassets */ = {isa = PBXFileReference; lastKnownFileType = folder.assetcatalog; path = Assets.xcassets; sourceTree = "<group>"; };
		037F32082437DDB500410609 /* Base */ = {isa = PBXFileReference; lastKnownFileType = file.storyboard; name = Base; path = Base.lproj/LaunchScreen.storyboard; sourceTree = "<group>"; };
		037F320A2437DDB500410609 /* Info.plist */ = {isa = PBXFileReference; lastKnownFileType = text.plist.xml; path = Info.plist; sourceTree = "<group>"; };
		0382D55C24BCE9AE007DC519 /* LoginViewController.swift */ = {isa = PBXFileReference; lastKnownFileType = sourcecode.swift; path = LoginViewController.swift; sourceTree = "<group>"; };
		03F3D1A32449E33100DEC839 /* HomeTableViewController.swift */ = {isa = PBXFileReference; lastKnownFileType = sourcecode.swift; path = HomeTableViewController.swift; sourceTree = "<group>"; };
/* End PBXFileReference section */

/* Begin PBXFrameworksBuildPhase section */
		037F31F62437DDB000410609 /* Frameworks */ = {
			isa = PBXFrameworksBuildPhase;
			buildActionMask = 2147483647;
			files = (
			);
			runOnlyForDeploymentPostprocessing = 0;
		};
/* End PBXFrameworksBuildPhase section */

/* Begin PBXGroup section */
		0363A11A248A6F1900FF86BE /* Features */ = {
			isa = PBXGroup;
			children = (
				0363A11B248A6F2C00FF86BE /* Home */,
			);
			path = Features;
			sourceTree = "<group>";
		};
		0363A11B248A6F2C00FF86BE /* Home */ = {
			isa = PBXGroup;
			children = (
				0363A122248A700B00FF86BE /* ViewModel */,
				0363A121248A700500FF86BE /* View */,
				0363A120248A6FF900FF86BE /* Model */,
			);
			path = Home;
			sourceTree = "<group>";
		};
		0363A11C248A6F3400FF86BE /* Common */ = {
			isa = PBXGroup;
			children = (
				0363A11F248A6F9C00FF86BE /* Extensions */,
			);
			path = Common;
			sourceTree = "<group>";
		};
		0363A11D248A6F4900FF86BE /* System */ = {
			isa = PBXGroup;
			children = (
				037F31FC2437DDB000410609 /* AppDelegate.swift */,
				037F31FE2437DDB000410609 /* SceneDelegate.swift */,
			);
			path = System;
			sourceTree = "<group>";
		};
		0363A11E248A6F7600FF86BE /* Network */ = {
			isa = PBXGroup;
			children = (
				034BFF5024F3E98800DDFC85 /* Service.swift */,
			);
			path = Network;
			sourceTree = "<group>";
		};
		0363A11F248A6F9C00FF86BE /* Extensions */ = {
			isa = PBXGroup;
			children = (
				0363A125248A70E400FF86BE /* UITableViewCell+Ext.swift */,
				034BFF5224F3EECB00DDFC85 /* UIImageView+Ext.swift */,
			);
			path = Extensions;
			sourceTree = "<group>";
		};
		0363A120248A6FF900FF86BE /* Model */ = {
			isa = PBXGroup;
			children = (
				03473C1D2477F30C00999E99 /* GroceryItem.swift */,
				034BFF4E24F3E7AC00DDFC85 /* Character.swift */,
			);
			path = Model;
			sourceTree = "<group>";
		};
		0363A121248A700500FF86BE /* View */ = {
			isa = PBXGroup;
			children = (
				0363A124248A702200FF86BE /* Controller */,
				0363A123248A701700FF86BE /* Cell */,
			);
			path = View;
			sourceTree = "<group>";
		};
		0363A122248A700B00FF86BE /* ViewModel */ = {
			isa = PBXGroup;
			children = (
				0357B9E024AA7B570033133A /* HomeViewModel.swift */,
			);
			path = ViewModel;
			sourceTree = "<group>";
		};
		0363A123248A701700FF86BE /* Cell */ = {
			isa = PBXGroup;
			children = (
				0363A127248A731D00FF86BE /* HomeTableViewCell.swift */,
			);
			path = Cell;
			sourceTree = "<group>";
		};
		0363A124248A702200FF86BE /* Controller */ = {
			isa = PBXGroup;
			children = (
				037F32002437DDB000410609 /* HomeViewController.swift */,
				03F3D1A32449E33100DEC839 /* HomeTableViewController.swift */,
				0357B9DE24AA7A020033133A /* AddItemViewController.swift */,
				0382D55C24BCE9AE007DC519 /* LoginViewController.swift */,
				0362E05A24C629ED006085EB /* ItemDetailViewController.swift */,
			);
			path = Controller;
			sourceTree = "<group>";
		};
		037F31F02437DDB000410609 = {
			isa = PBXGroup;
			children = (
				037F31FB2437DDB000410609 /* SuperM */,
				037F31FA2437DDB000410609 /* Products */,
				6E61B26093D791A0D1F30C31 /* Pods */,
			);
			sourceTree = "<group>";
		};
		037F31FA2437DDB000410609 /* Products */ = {
			isa = PBXGroup;
			children = (
				037F31F92437DDB000410609 /* SuperM.app */,
			);
			name = Products;
			sourceTree = "<group>";
		};
		037F31FB2437DDB000410609 /* SuperM */ = {
			isa = PBXGroup;
			children = (
				0363A11E248A6F7600FF86BE /* Network */,
				0363A11D248A6F4900FF86BE /* System */,
				0363A11C248A6F3400FF86BE /* Common */,
				0363A11A248A6F1900FF86BE /* Features */,
				037F32052437DDB500410609 /* Assets.xcassets */,
				037F32072437DDB500410609 /* LaunchScreen.storyboard */,
				037F320A2437DDB500410609 /* Info.plist */,
			);
			path = SuperM;
			sourceTree = "<group>";
		};
		6E61B26093D791A0D1F30C31 /* Pods */ = {
			isa = PBXGroup;
			children = (
			);
			path = Pods;
			sourceTree = "<group>";
		};
/* End PBXGroup section */

/* Begin PBXNativeTarget section */
		037F31F82437DDB000410609 /* SuperM */ = {
			isa = PBXNativeTarget;
			buildConfigurationList = 037F320D2437DDB500410609 /* Build configuration list for PBXNativeTarget "SuperM" */;
			buildPhases = (
				037F31F52437DDB000410609 /* Sources */,
				037F31F62437DDB000410609 /* Frameworks */,
				037F31F72437DDB000410609 /* Resources */,
			);
			buildRules = (
			);
			dependencies = (
			);
			name = SuperM;
			productName = SuperM;
			productReference = 037F31F92437DDB000410609 /* SuperM.app */;
			productType = "com.apple.product-type.application";
		};
/* End PBXNativeTarget section */

/* Begin PBXProject section */
		037F31F12437DDB000410609 /* Project object */ = {
			isa = PBXProject;
			attributes = {
				LastSwiftUpdateCheck = 1130;
				LastUpgradeCheck = 1130;
				ORGANIZATIONNAME = "Jaqueline Lemes Botaro";
				TargetAttributes = {
					037F31F82437DDB000410609 = {
						CreatedOnToolsVersion = 11.3.1;
					};
				};
			};
			buildConfigurationList = 037F31F42437DDB000410609 /* Build configuration list for PBXProject "SuperM" */;
			compatibilityVersion = "Xcode 9.3";
			developmentRegion = en;
			hasScannedForEncodings = 0;
			knownRegions = (
				en,
				Base,
			);
			mainGroup = 037F31F02437DDB000410609;
			productRefGroup = 037F31FA2437DDB000410609 /* Products */;
			projectDirPath = "";
			projectRoot = "";
			targets = (
				037F31F82437DDB000410609 /* SuperM */,
			);
		};
/* End PBXProject section */

/* Begin PBXResourcesBuildPhase section */
		037F31F72437DDB000410609 /* Resources */ = {
			isa = PBXResourcesBuildPhase;
			buildActionMask = 2147483647;
			files = (
				037F32092437DDB500410609 /* LaunchScreen.storyboard in Resources */,
				037F32062437DDB500410609 /* Assets.xcassets in Resources */,
			);
			runOnlyForDeploymentPostprocessing = 0;
		};
/* End PBXResourcesBuildPhase section */

/* Begin PBXSourcesBuildPhase section */
		037F31F52437DDB000410609 /* Sources */ = {
			isa = PBXSourcesBuildPhase;
			buildActionMask = 2147483647;
			files = (
				03F3D1A42449E33100DEC839 /* HomeTableViewController.swift in Sources */,
				034BFF5124F3E98800DDFC85 /* Service.swift in Sources */,
				0357B9E124AA7B570033133A /* HomeViewModel.swift in Sources */,
				0363A126248A70E400FF86BE /* UITableViewCell+Ext.swift in Sources */,
				034BFF4F24F3E7AC00DDFC85 /* Character.swift in Sources */,
				0363A128248A731D00FF86BE /* HomeTableViewCell.swift in Sources */,
				034BFF5324F3EECB00DDFC85 /* UIImageView+Ext.swift in Sources */,
				037F32012437DDB000410609 /* HomeViewController.swift in Sources */,
				037F31FD2437DDB000410609 /* AppDelegate.swift in Sources */,
				0357B9DF24AA7A020033133A /* AddItemViewController.swift in Sources */,
				037F31FF2437DDB000410609 /* SceneDelegate.swift in Sources */,
				0362E05B24C629ED006085EB /* ItemDetailViewController.swift in Sources */,
				0382D55D24BCE9AE007DC519 /* LoginViewController.swift in Sources */,
				03473C1E2477F30C00999E99 /* GroceryItem.swift in Sources */,
			);
			runOnlyForDeploymentPostprocessing = 0;
		};
/* End PBXSourcesBuildPhase section */

/* Begin PBXVariantGroup section */
		037F32072437DDB500410609 /* LaunchScreen.storyboard */ = {
			isa = PBXVariantGroup;
			children = (
				037F32082437DDB500410609 /* Base */,
			);
			name = LaunchScreen.storyboard;
			sourceTree = "<group>";
		};
/* End PBXVariantGroup section */

/* Begin XCBuildConfiguration section */
		037F320B2437DDB500410609 /* Debug */ = {
			isa = XCBuildConfiguration;
			buildSettings = {
				ALWAYS_SEARCH_USER_PATHS = NO;
				CLANG_ANALYZER_NONNULL = YES;
				CLANG_ANALYZER_NUMBER_OBJECT_CONVERSION = YES_AGGRESSIVE;
				CLANG_CXX_LANGUAGE_STANDARD = "gnu++14";
				CLANG_CXX_LIBRARY = "libc++";
				CLANG_ENABLE_MODULES = YES;
				CLANG_ENABLE_OBJC_ARC = YES;
				CLANG_ENABLE_OBJC_WEAK = YES;
				CLANG_WARN_BLOCK_CAPTURE_AUTORELEASING = YES;
				CLANG_WARN_BOOL_CONVERSION = YES;
				CLANG_WARN_COMMA = YES;
				CLANG_WARN_CONSTANT_CONVERSION = YES;
				CLANG_WARN_DEPRECATED_OBJC_IMPLEMENTATIONS = YES;
				CLANG_WARN_DIRECT_OBJC_ISA_USAGE = YES_ERROR;
				CLANG_WARN_DOCUMENTATION_COMMENTS = YES;
				CLANG_WARN_EMPTY_BODY = YES;
				CLANG_WARN_ENUM_CONVERSION = YES;
				CLANG_WARN_INFINITE_RECURSION = YES;
				CLANG_WARN_INT_CONVERSION = YES;
				CLANG_WARN_NON_LITERAL_NULL_CONVERSION = YES;
				CLANG_WARN_OBJC_IMPLICIT_RETAIN_SELF = YES;
				CLANG_WARN_OBJC_LITERAL_CONVERSION = YES;
				CLANG_WARN_OBJC_ROOT_CLASS = YES_ERROR;
				CLANG_WARN_RANGE_LOOP_ANALYSIS = YES;
				CLANG_WARN_STRICT_PROTOTYPES = YES;
				CLANG_WARN_SUSPICIOUS_MOVE = YES;
				CLANG_WARN_UNGUARDED_AVAILABILITY = YES_AGGRESSIVE;
				CLANG_WARN_UNREACHABLE_CODE = YES;
				CLANG_WARN__DUPLICATE_METHOD_MATCH = YES;
				COPY_PHASE_STRIP = NO;
				DEBUG_INFORMATION_FORMAT = dwarf;
				ENABLE_STRICT_OBJC_MSGSEND = YES;
				ENABLE_TESTABILITY = YES;
				GCC_C_LANGUAGE_STANDARD = gnu11;
				GCC_DYNAMIC_NO_PIC = NO;
				GCC_NO_COMMON_BLOCKS = YES;
				GCC_OPTIMIZATION_LEVEL = 0;
				GCC_PREPROCESSOR_DEFINITIONS = (
					"DEBUG=1",
					"$(inherited)",
				);
				GCC_WARN_64_TO_32_BIT_CONVERSION = YES;
				GCC_WARN_ABOUT_RETURN_TYPE = YES_ERROR;
				GCC_WARN_UNDECLARED_SELECTOR = YES;
				GCC_WARN_UNINITIALIZED_AUTOS = YES_AGGRESSIVE;
				GCC_WARN_UNUSED_FUNCTION = YES;
				GCC_WARN_UNUSED_VARIABLE = YES;
				IPHONEOS_DEPLOYMENT_TARGET = 13.2;
				MTL_ENABLE_DEBUG_INFO = INCLUDE_SOURCE;
				MTL_FAST_MATH = YES;
				ONLY_ACTIVE_ARCH = YES;
				SDKROOT = iphoneos;
				SWIFT_ACTIVE_COMPILATION_CONDITIONS = DEBUG;
				SWIFT_OPTIMIZATION_LEVEL = "-Onone";
			};
			name = Debug;
		};
		037F320C2437DDB500410609 /* Release */ = {
			isa = XCBuildConfiguration;
			buildSettings = {
				ALWAYS_SEARCH_USER_PATHS = NO;
				CLANG_ANALYZER_NONNULL = YES;
				CLANG_ANALYZER_NUMBER_OBJECT_CONVERSION = YES_AGGRESSIVE;
				CLANG_CXX_LANGUAGE_STANDARD = "gnu++14";
				CLANG_CXX_LIBRARY = "libc++";
				CLANG_ENABLE_MODULES = YES;
				CLANG_ENABLE_OBJC_ARC = YES;
				CLANG_ENABLE_OBJC_WEAK = YES;
				CLANG_WARN_BLOCK_CAPTURE_AUTORELEASING = YES;
				CLANG_WARN_BOOL_CONVERSION = YES;
				CLANG_WARN_COMMA = YES;
				CLANG_WARN_CONSTANT_CONVERSION = YES;
				CLANG_WARN_DEPRECATED_OBJC_IMPLEMENTATIONS = YES;
				CLANG_WARN_DIRECT_OBJC_ISA_USAGE = YES_ERROR;
				CLANG_WARN_DOCUMENTATION_COMMENTS = YES;
				CLANG_WARN_EMPTY_BODY = YES;
				CLANG_WARN_ENUM_CONVERSION = YES;
				CLANG_WARN_INFINITE_RECURSION = YES;
				CLANG_WARN_INT_CONVERSION = YES;
				CLANG_WARN_NON_LITERAL_NULL_CONVERSION = YES;
				CLANG_WARN_OBJC_IMPLICIT_RETAIN_SELF = YES;
				CLANG_WARN_OBJC_LITERAL_CONVERSION = YES;
				CLANG_WARN_OBJC_ROOT_CLASS = YES_ERROR;
				CLANG_WARN_RANGE_LOOP_ANALYSIS = YES;
				CLANG_WARN_STRICT_PROTOTYPES = YES;
				CLANG_WARN_SUSPICIOUS_MOVE = YES;
				CLANG_WARN_UNGUARDED_AVAILABILITY = YES_AGGRESSIVE;
				CLANG_WARN_UNREACHABLE_CODE = YES;
				CLANG_WARN__DUPLICATE_METHOD_MATCH = YES;
				COPY_PHASE_STRIP = NO;
				DEBUG_INFORMATION_FORMAT = "dwarf-with-dsym";
				ENABLE_NS_ASSERTIONS = NO;
				ENABLE_STRICT_OBJC_MSGSEND = YES;
				GCC_C_LANGUAGE_STANDARD = gnu11;
				GCC_NO_COMMON_BLOCKS = YES;
				GCC_WARN_64_TO_32_BIT_CONVERSION = YES;
				GCC_WARN_ABOUT_RETURN_TYPE = YES_ERROR;
				GCC_WARN_UNDECLARED_SELECTOR = YES;
				GCC_WARN_UNINITIALIZED_AUTOS = YES_AGGRESSIVE;
				GCC_WARN_UNUSED_FUNCTION = YES;
				GCC_WARN_UNUSED_VARIABLE = YES;
				IPHONEOS_DEPLOYMENT_TARGET = 13.2;
				MTL_ENABLE_DEBUG_INFO = NO;
				MTL_FAST_MATH = YES;
				SDKROOT = iphoneos;
				SWIFT_COMPILATION_MODE = wholemodule;
				SWIFT_OPTIMIZATION_LEVEL = "-O";
				VALIDATE_PRODUCT = YES;
			};
			name = Release;
		};
		037F320E2437DDB500410609 /* Debug */ = {
			isa = XCBuildConfiguration;
			buildSettings = {
				ASSETCATALOG_COMPILER_APPICON_NAME = AppIcon;
				CODE_SIGN_STYLE = Automatic;
				DEVELOPMENT_TEAM = 3H5S7N4TTL;
				INFOPLIST_FILE = SuperM/Info.plist;
				LD_RUNPATH_SEARCH_PATHS = (
					"$(inherited)",
					"@executable_path/Frameworks",
				);
				PRODUCT_BUNDLE_IDENTIFIER = jlbotaro.SuperM;
				PRODUCT_NAME = "$(TARGET_NAME)";
				SWIFT_VERSION = 5.0;
				TARGETED_DEVICE_FAMILY = "1,2";
			};
			name = Debug;
		};
		037F320F2437DDB500410609 /* Release */ = {
			isa = XCBuildConfiguration;
			buildSettings = {
				ASSETCATALOG_COMPILER_APPICON_NAME = AppIcon;
				CODE_SIGN_STYLE = Automatic;
				DEVELOPMENT_TEAM = 3H5S7N4TTL;
				INFOPLIST_FILE = SuperM/Info.plist;
				LD_RUNPATH_SEARCH_PATHS = (
					"$(inherited)",
					"@executable_path/Frameworks",
				);
				PRODUCT_BUNDLE_IDENTIFIER = jlbotaro.SuperM;
				PRODUCT_NAME = "$(TARGET_NAME)";
				SWIFT_VERSION = 5.0;
				TARGETED_DEVICE_FAMILY = "1,2";
			};
			name = Release;
		};
/* End XCBuildConfiguration section */

/* Begin XCConfigurationList section */
		037F31F42437DDB000410609 /* Build configuration list for PBXProject "SuperM" */ = {
			isa = XCConfigurationList;
			buildConfigurations = (
				037F320B2437DDB500410609 /* Debug */,
				037F320C2437DDB500410609 /* Release */,
			);
			defaultConfigurationIsVisible = 0;
			defaultConfigurationName = Release;
		};
		037F320D2437DDB500410609 /* Build configuration list for PBXNativeTarget "SuperM" */ = {
			isa = XCConfigurationList;
			buildConfigurations = (
				037F320E2437DDB500410609 /* Debug */,
				037F320F2437DDB500410609 /* Release */,
			);
			defaultConfigurationIsVisible = 0;
			defaultConfigurationName = Release;
		};
/* End XCConfigurationList section */
	};
	rootObject = 037F31F12437DDB000410609 /* Project object */;
}
